
Microsoft Visual Studio Solution File, Format Version 12.00
# Visual Studio Version 16
VisualStudioVersion = 16.0.30011.22
MinimumVisualStudioVersion = 10.0.40219.1
Project("{FAE04EC0-301F-11D3-BF4B-00C04F79EFBC}") = "OOP_lab_2_14_3", "OOP_lab_2_14_3\OOP_lab_2_14_3.csproj", "{C684276D-4D11-4F72-9B71-88197C80583B}"
EndProject
Project("{2150E333-8FDC-42A3-9474-1A3956D46DE8}") = "Solution Items", "Solution Items", "{EB225955-8973-477A-AF43-2A0FD59751A3}"
	ProjectSection(SolutionItems) = preProject
		.travis.yml = .travis.yml
	EndProjectSection
EndProject
Global
	GlobalSection(SolutionConfigurationPlatforms) = preSolution
		Debug|Any CPU = Debug|Any CPU
		Release|Any CPU = Release|Any CPU
	EndGlobalSection
	GlobalSection(ProjectConfigurationPlatforms) = postSolution
		{C684276D-4D11-4F72-9B71-88197C80583B}.Debug|Any CPU.ActiveCfg = Debug|Any CPU
		{C684276D-4D11-4F72-9B71-88197C80583B}.Debug|Any CPU.Build.0 = Debug|Any CPU
		{C684276D-4D11-4F72-9B71-88197C80583B}.Release|Any CPU.ActiveCfg = Release|Any CPU
		{C684276D-4D11-4F72-9B71-88197C80583B}.Release|Any CPU.Build.0 = Release|Any CPU
	EndGlobalSection
	GlobalSection(SolutionProperties) = preSolution
		HideSolutionNode = FALSE
	EndGlobalSection
	GlobalSection(ExtensibilityGlobals) = postSolution
		SolutionGuid = {76B67226-DF20-4E75-8527-BAA1D2636C23}
	EndGlobalSection
EndGlobal
